
Microsoft Visual Studio Solution File, Format Version 12.00
# Visual Studio Version 17
VisualStudioVersion = 17.0.31903.59
MinimumVisualStudioVersion = 10.0.40219.1
Project("{2150E333-8FDC-42A3-9474-1A3956D46DE8}") = "src", "src", "{485DBFA8-5EDE-4029-A2A7-1764D3596B00}"
EndProject
Project("{FAE04EC0-301F-11D3-BF4B-00C04F79EFBC}") = "GuildRelay.Core", "src\GuildRelay.Core\GuildRelay.Core.csproj", "{BF3721F6-0DDA-493F-8350-BF842807300C}"
EndProject
Project("{FAE04EC0-301F-11D3-BF4B-00C04F79EFBC}") = "GuildRelay.Logging", "src\GuildRelay.Logging\GuildRelay.Logging.csproj", "{DF9F839E-0619-4402-94EC-D55F66D4F4DA}"
EndProject
Project("{FAE04EC0-301F-11D3-BF4B-00C04F79EFBC}") = "GuildRelay.Publisher", "src\GuildRelay.Publisher\GuildRelay.Publisher.csproj", "{FEF4E02D-9CF0-4120-8102-1350937A853E}"
EndProject
Project("{FAE04EC0-301F-11D3-BF4B-00C04F79EFBC}") = "GuildRelay.App", "src\GuildRelay.App\GuildRelay.App.csproj", "{DC4A8381-2455-4D7E-AD96-45F591E210F2}"
EndProject
Project("{2150E333-8FDC-42A3-9474-1A3956D46DE8}") = "tests", "tests", "{12E6115C-351A-4EEA-A33F-E7C341DC3484}"
EndProject
Project("{FAE04EC0-301F-11D3-BF4B-00C04F79EFBC}") = "GuildRelay.Core.Tests", "tests\GuildRelay.Core.Tests\GuildRelay.Core.Tests.csproj", "{A4F24B98-D792-47D1-AA4B-F3B0CC949ED8}"
EndProject
Project("{FAE04EC0-301F-11D3-BF4B-00C04F79EFBC}") = "GuildRelay.Logging.Tests", "tests\GuildRelay.Logging.Tests\GuildRelay.Logging.Tests.csproj", "{B9DC6147-7C21-45CF-9080-CAC2BCB5EACC}"
EndProject
Project("{FAE04EC0-301F-11D3-BF4B-00C04F79EFBC}") = "GuildRelay.Publisher.Tests", "tests\GuildRelay.Publisher.Tests\GuildRelay.Publisher.Tests.csproj", "{2A2567CB-EF49-4297-891A-80EA956CC940}"
EndProject
Project("{FAE04EC0-301F-11D3-BF4B-00C04F79EFBC}") = "GuildRelay.Platform.Windows", "src\GuildRelay.Platform.Windows\GuildRelay.Platform.Windows.csproj", "{07855208-564E-48A2-9E0B-61ECE97E9CAD}"
EndProject
Project("{FAE04EC0-301F-11D3-BF4B-00C04F79EFBC}") = "GuildRelay.Features.Chat", "src\GuildRelay.Features.Chat\GuildRelay.Features.Chat.csproj", "{3522AA13-0F50-44C1-8E44-87BF38B9D973}"
EndProject
Project("{FAE04EC0-301F-11D3-BF4B-00C04F79EFBC}") = "GuildRelay.Features.Chat.Tests", "tests\GuildRelay.Features.Chat.Tests\GuildRelay.Features.Chat.Tests.csproj", "{8B15F8D6-2890-4D0D-9858-B57025598260}"
EndProject
Project("{FAE04EC0-301F-11D3-BF4B-00C04F79EFBC}") = "GuildRelay.Platform.Windows.Tests", "tests\GuildRelay.Platform.Windows.Tests\GuildRelay.Platform.Windows.Tests.csproj", "{52F96350-1551-4E42-9662-C7FD64F994E2}"
EndProject
Project("{FAE04EC0-301F-11D3-BF4B-00C04F79EFBC}") = "GuildRelay.Features.Audio", "src\GuildRelay.Features.Audio\GuildRelay.Features.Audio.csproj", "{5CFC39AD-0D77-4FFC-91AE-87B19C30B87D}"
EndProject
Project("{FAE04EC0-301F-11D3-BF4B-00C04F79EFBC}") = "GuildRelay.Features.Audio.Tests", "tests\GuildRelay.Features.Audio.Tests\GuildRelay.Features.Audio.Tests.csproj", "{E7566FB1-410A-4E11-A5D1-A2937B9CC652}"
EndProject
Project("{FAE04EC0-301F-11D3-BF4B-00C04F79EFBC}") = "GuildRelay.Features.Status", "src\GuildRelay.Features.Status\GuildRelay.Features.Status.csproj", "{20DB8DCC-544E-4334-B03B-3AF53E1FD515}"
EndProject
Project("{FAE04EC0-301F-11D3-BF4B-00C04F79EFBC}") = "GuildRelay.Features.Status.Tests", "tests\GuildRelay.Features.Status.Tests\GuildRelay.Features.Status.Tests.csproj", "{213D956D-17D4-4C9E-9B37-5551414BFD95}"
EndProject
Project("{FAE04EC0-301F-11D3-BF4B-00C04F79EFBC}") = "GuildRelay.App.Tests", "tests\GuildRelay.App.Tests\GuildRelay.App.Tests.csproj", "{912961D3-2007-4CA9-AD3E-7629F56B6950}"
EndProject
Project("{2150E333-8FDC-42A3-9474-1A3956D46DE8}") = "tools", "tools", "{5465DCD8-BDEA-4AC3-BEC9-C88A3A9E4A61}"
EndProject
Project("{FAE04EC0-301F-11D3-BF4B-00C04F79EFBC}") = "IconGen", "tools\IconGen\IconGen.csproj", "{8F4DE106-3EA5-4DA7-B19F-07FF74DF6C3A}"
EndProject
Global
	GlobalSection(SolutionConfigurationPlatforms) = preSolution
		Debug|Any CPU = Debug|Any CPU
		Release|Any CPU = Release|Any CPU
	EndGlobalSection
	GlobalSection(SolutionProperties) = preSolution
		HideSolutionNode = FALSE
	EndGlobalSection
	GlobalSection(ProjectConfigurationPlatforms) = postSolution
		{BF3721F6-0DDA-493F-8350-BF842807300C}.Debug|Any CPU.ActiveCfg = Debug|Any CPU
		{BF3721F6-0DDA-493F-8350-BF842807300C}.Debug|Any CPU.Build.0 = Debug|Any CPU
		{BF3721F6-0DDA-493F-8350-BF842807300C}.Release|Any CPU.ActiveCfg = Release|Any CPU
		{BF3721F6-0DDA-493F-8350-BF842807300C}.Release|Any CPU.Build.0 = Release|Any CPU
		{DF9F839E-0619-4402-94EC-D55F66D4F4DA}.Debug|Any CPU.ActiveCfg = Debug|Any CPU
		{DF9F839E-0619-4402-94EC-D55F66D4F4DA}.Debug|Any CPU.Build.0 = Debug|Any CPU
		{DF9F839E-0619-4402-94EC-D55F66D4F4DA}.Release|Any CPU.ActiveCfg = Release|Any CPU
		{DF9F839E-0619-4402-94EC-D55F66D4F4DA}.Release|Any CPU.Build.0 = Release|Any CPU
		{FEF4E02D-9CF0-4120-8102-1350937A853E}.Debug|Any CPU.ActiveCfg = Debug|Any CPU
		{FEF4E02D-9CF0-4120-8102-1350937A853E}.Debug|Any CPU.Build.0 = Debug|Any CPU
		{FEF4E02D-9CF0-4120-8102-1350937A853E}.Release|Any CPU.ActiveCfg = Release|Any CPU
		{FEF4E02D-9CF0-4120-8102-1350937A853E}.Release|Any CPU.Build.0 = Release|Any CPU
		{DC4A8381-2455-4D7E-AD96-45F591E210F2}.Debug|Any CPU.ActiveCfg = Debug|Any CPU
		{DC4A8381-2455-4D7E-AD96-45F591E210F2}.Debug|Any CPU.Build.0 = Debug|Any CPU
		{DC4A8381-2455-4D7E-AD96-45F591E210F2}.Release|Any CPU.ActiveCfg = Release|Any CPU
		{DC4A8381-2455-4D7E-AD96-45F591E210F2}.Release|Any CPU.Build.0 = Release|Any CPU
		{A4F24B98-D792-47D1-AA4B-F3B0CC949ED8}.Debug|Any CPU.ActiveCfg = Debug|Any CPU
		{A4F24B98-D792-47D1-AA4B-F3B0CC949ED8}.Debug|Any CPU.Build.0 = Debug|Any CPU
		{A4F24B98-D792-47D1-AA4B-F3B0CC949ED8}.Release|Any CPU.ActiveCfg = Release|Any CPU
		{A4F24B98-D792-47D1-AA4B-F3B0CC949ED8}.Release|Any CPU.Build.0 = Release|Any CPU
		{B9DC6147-7C21-45CF-9080-CAC2BCB5EACC}.Debug|Any CPU.ActiveCfg = Debug|Any CPU
		{B9DC6147-7C21-45CF-9080-CAC2BCB5EACC}.Debug|Any CPU.Build.0 = Debug|Any CPU
		{B9DC6147-7C21-45CF-9080-CAC2BCB5EACC}.Release|Any CPU.ActiveCfg = Release|Any CPU
		{B9DC6147-7C21-45CF-9080-CAC2BCB5EACC}.Release|Any CPU.Build.0 = Release|Any CPU
		{2A2567CB-EF49-4297-891A-80EA956CC940}.Debug|Any CPU.ActiveCfg = Debug|Any CPU
		{2A2567CB-EF49-4297-891A-80EA956CC940}.Debug|Any CPU.Build.0 = Debug|Any CPU
		{2A2567CB-EF49-4297-891A-80EA956CC940}.Release|Any CPU.ActiveCfg = Release|Any CPU
		{2A2567CB-EF49-4297-891A-80EA956CC940}.Release|Any CPU.Build.0 = Release|Any CPU
		{07855208-564E-48A2-9E0B-61ECE97E9CAD}.Debug|Any CPU.ActiveCfg = Debug|Any CPU
		{07855208-564E-48A2-9E0B-61ECE97E9CAD}.Debug|Any CPU.Build.0 = Debug|Any CPU
		{07855208-564E-48A2-9E0B-61ECE97E9CAD}.Release|Any CPU.ActiveCfg = Release|Any CPU
		{07855208-564E-48A2-9E0B-61ECE97E9CAD}.Release|Any CPU.Build.0 = Release|Any CPU
		{3522AA13-0F50-44C1-8E44-87BF38B9D973}.Debug|Any CPU.ActiveCfg = Debug|Any CPU
		{3522AA13-0F50-44C1-8E44-87BF38B9D973}.Debug|Any CPU.Build.0 = Debug|Any CPU
		{3522AA13-0F50-44C1-8E44-87BF38B9D973}.Release|Any CPU.ActiveCfg = Release|Any CPU
		{3522AA13-0F50-44C1-8E44-87BF38B9D973}.Release|Any CPU.Build.0 = Release|Any CPU
		{8B15F8D6-2890-4D0D-9858-B57025598260}.Debug|Any CPU.ActiveCfg = Debug|Any CPU
		{8B15F8D6-2890-4D0D-9858-B57025598260}.Debug|Any CPU.Build.0 = Debug|Any CPU
		{8B15F8D6-2890-4D0D-9858-B57025598260}.Release|Any CPU.ActiveCfg = Release|Any CPU
		{8B15F8D6-2890-4D0D-9858-B57025598260}.Release|Any CPU.Build.0 = Release|Any CPU
		{52F96350-1551-4E42-9662-C7FD64F994E2}.Debug|Any CPU.ActiveCfg = Debug|Any CPU
		{52F96350-1551-4E42-9662-C7FD64F994E2}.Debug|Any CPU.Build.0 = Debug|Any CPU
		{52F96350-1551-4E42-9662-C7FD64F994E2}.Release|Any CPU.ActiveCfg = Release|Any CPU
		{52F96350-1551-4E42-9662-C7FD64F994E2}.Release|Any CPU.Build.0 = Release|Any CPU
		{5CFC39AD-0D77-4FFC-91AE-87B19C30B87D}.Debug|Any CPU.ActiveCfg = Debug|Any CPU
		{5CFC39AD-0D77-4FFC-91AE-87B19C30B87D}.Debug|Any CPU.Build.0 = Debug|Any CPU
		{5CFC39AD-0D77-4FFC-91AE-87B19C30B87D}.Release|Any CPU.ActiveCfg = Release|Any CPU
		{5CFC39AD-0D77-4FFC-91AE-87B19C30B87D}.Release|Any CPU.Build.0 = Release|Any CPU
		{E7566FB1-410A-4E11-A5D1-A2937B9CC652}.Debug|Any CPU.ActiveCfg = Debug|Any CPU
		{E7566FB1-410A-4E11-A5D1-A2937B9CC652}.Debug|Any CPU.Build.0 = Debug|Any CPU
		{E7566FB1-410A-4E11-A5D1-A2937B9CC652}.Release|Any CPU.ActiveCfg = Release|Any CPU
		{E7566FB1-410A-4E11-A5D1-A2937B9CC652}.Release|Any CPU.Build.0 = Release|Any CPU
		{20DB8DCC-544E-4334-B03B-3AF53E1FD515}.Debug|Any CPU.ActiveCfg = Debug|Any CPU
		{20DB8DCC-544E-4334-B03B-3AF53E1FD515}.Debug|Any CPU.Build.0 = Debug|Any CPU
		{20DB8DCC-544E-4334-B03B-3AF53E1FD515}.Release|Any CPU.ActiveCfg = Release|Any CPU
		{20DB8DCC-544E-4334-B03B-3AF53E1FD515}.Release|Any CPU.Build.0 = Release|Any CPU
		{213D956D-17D4-4C9E-9B37-5551414BFD95}.Debug|Any CPU.ActiveCfg = Debug|Any CPU
		{213D956D-17D4-4C9E-9B37-5551414BFD95}.Debug|Any CPU.Build.0 = Debug|Any CPU
		{213D956D-17D4-4C9E-9B37-5551414BFD95}.Release|Any CPU.ActiveCfg = Release|Any CPU
		{213D956D-17D4-4C9E-9B37-5551414BFD95}.Release|Any CPU.Build.0 = Release|Any CPU
		{912961D3-2007-4CA9-AD3E-7629F56B6950}.Debug|Any CPU.ActiveCfg = Debug|Any CPU
		{912961D3-2007-4CA9-AD3E-7629F56B6950}.Debug|Any CPU.Build.0 = Debug|Any CPU
		{912961D3-2007-4CA9-AD3E-7629F56B6950}.Release|Any CPU.ActiveCfg = Release|Any CPU
		{912961D3-2007-4CA9-AD3E-7629F56B6950}.Release|Any CPU.Build.0 = Release|Any CPU
		{8F4DE106-3EA5-4DA7-B19F-07FF74DF6C3A}.Debug|Any CPU.ActiveCfg = Debug|Any CPU
		{8F4DE106-3EA5-4DA7-B19F-07FF74DF6C3A}.Debug|Any CPU.Build.0 = Debug|Any CPU
		{8F4DE106-3EA5-4DA7-B19F-07FF74DF6C3A}.Release|Any CPU.ActiveCfg = Release|Any CPU
		{8F4DE106-3EA5-4DA7-B19F-07FF74DF6C3A}.Release|Any CPU.Build.0 = Release|Any CPU
	EndGlobalSection
	GlobalSection(NestedProjects) = preSolution
		{BF3721F6-0DDA-493F-8350-BF842807300C} = {485DBFA8-5EDE-4029-A2A7-1764D3596B00}
		{DF9F839E-0619-4402-94EC-D55F66D4F4DA} = {485DBFA8-5EDE-4029-A2A7-1764D3596B00}
		{FEF4E02D-9CF0-4120-8102-1350937A853E} = {485DBFA8-5EDE-4029-A2A7-1764D3596B00}
		{DC4A8381-2455-4D7E-AD96-45F591E210F2} = {485DBFA8-5EDE-4029-A2A7-1764D3596B00}
		{A4F24B98-D792-47D1-AA4B-F3B0CC949ED8} = {12E6115C-351A-4EEA-A33F-E7C341DC3484}
		{B9DC6147-7C21-45CF-9080-CAC2BCB5EACC} = {12E6115C-351A-4EEA-A33F-E7C341DC3484}
		{2A2567CB-EF49-4297-891A-80EA956CC940} = {12E6115C-351A-4EEA-A33F-E7C341DC3484}
		{07855208-564E-48A2-9E0B-61ECE97E9CAD} = {485DBFA8-5EDE-4029-A2A7-1764D3596B00}
		{3522AA13-0F50-44C1-8E44-87BF38B9D973} = {485DBFA8-5EDE-4029-A2A7-1764D3596B00}
		{8B15F8D6-2890-4D0D-9858-B57025598260} = {12E6115C-351A-4EEA-A33F-E7C341DC3484}
		{52F96350-1551-4E42-9662-C7FD64F994E2} = {12E6115C-351A-4EEA-A33F-E7C341DC3484}
		{5CFC39AD-0D77-4FFC-91AE-87B19C30B87D} = {485DBFA8-5EDE-4029-A2A7-1764D3596B00}
		{E7566FB1-410A-4E11-A5D1-A2937B9CC652} = {12E6115C-351A-4EEA-A33F-E7C341DC3484}
		{20DB8DCC-544E-4334-B03B-3AF53E1FD515} = {485DBFA8-5EDE-4029-A2A7-1764D3596B00}
		{213D956D-17D4-4C9E-9B37-5551414BFD95} = {12E6115C-351A-4EEA-A33F-E7C341DC3484}
		{912961D3-2007-4CA9-AD3E-7629F56B6950} = {12E6115C-351A-4EEA-A33F-E7C341DC3484}
		{8F4DE106-3EA5-4DA7-B19F-07FF74DF6C3A} = {5465DCD8-BDEA-4AC3-BEC9-C88A3A9E4A61}
	EndGlobalSection
EndGlobal
